// !$*UTF8*$!
{
	archiveVersion = 1;
	classes = {
	};
	objectVersion = 56;
	objects = {

/* Begin PBXBuildFile section */
		E1280D022AB5F6C6005BE456 /* WeatherWeekView.swift in Sources */ = {isa = PBXBuildFile; fileRef = E1280D012AB5F6C6005BE456 /* WeatherWeekView.swift */; };
		E1280D052AB60536005BE456 /* WeatherInfoDaily.swift in Sources */ = {isa = PBXBuildFile; fileRef = E1280D042AB60536005BE456 /* WeatherInfoDaily.swift */; };
		E1BB6BE52AB4DD1900C88DF2 /* SwiftUI_WeatherApp.swift in Sources */ = {isa = PBXBuildFile; fileRef = E1BB6BE42AB4DD1900C88DF2 /* SwiftUI_WeatherApp.swift */; };
		E1BB6BE72AB4DD1900C88DF2 /* ContentView.swift in Sources */ = {isa = PBXBuildFile; fileRef = E1BB6BE62AB4DD1900C88DF2 /* ContentView.swift */; };
		E1BB6BE92AB4DD1A00C88DF2 /* Assets.xcassets in Resources */ = {isa = PBXBuildFile; fileRef = E1BB6BE82AB4DD1A00C88DF2 /* Assets.xcassets */; };
		E1BB6BEC2AB4DD1A00C88DF2 /* Preview Assets.xcassets in Resources */ = {isa = PBXBuildFile; fileRef = E1BB6BEB2AB4DD1A00C88DF2 /* Preview Assets.xcassets */; };
		E1BB6BF62AB4DD1A00C88DF2 /* SwiftUI_WeatherTests.swift in Sources */ = {isa = PBXBuildFile; fileRef = E1BB6BF52AB4DD1A00C88DF2 /* SwiftUI_WeatherTests.swift */; };
		E1BB6C002AB4DD1B00C88DF2 /* SwiftUI_WeatherUITests.swift in Sources */ = {isa = PBXBuildFile; fileRef = E1BB6BFF2AB4DD1B00C88DF2 /* SwiftUI_WeatherUITests.swift */; };
		E1BB6C022AB4DD1B00C88DF2 /* SwiftUI_WeatherUITestsLaunchTests.swift in Sources */ = {isa = PBXBuildFile; fileRef = E1BB6C012AB4DD1B00C88DF2 /* SwiftUI_WeatherUITestsLaunchTests.swift */; };
		E1BB6C0F2AB5285700C88DF2 /* WeatherButton.swift in Sources */ = {isa = PBXBuildFile; fileRef = E1BB6C0E2AB5285700C88DF2 /* WeatherButton.swift */; };
/* End PBXBuildFile section */

/* Begin PBXContainerItemProxy section */
		E1BB6BF22AB4DD1A00C88DF2 /* PBXContainerItemProxy */ = {
			isa = PBXContainerItemProxy;
			containerPortal = E1BB6BD92AB4DD1900C88DF2 /* Project object */;
			proxyType = 1;
			remoteGlobalIDString = E1BB6BE02AB4DD1900C88DF2;
			remoteInfo = "SwiftUI-Weather";
		};
		E1BB6BFC2AB4DD1B00C88DF2 /* PBXContainerItemProxy */ = {
			isa = PBXContainerItemProxy;
			containerPortal = E1BB6BD92AB4DD1900C88DF2 /* Project object */;
			proxyType = 1;
			remoteGlobalIDString = E1BB6BE02AB4DD1900C88DF2;
			remoteInfo = "SwiftUI-Weather";
		};
/* End PBXContainerItemProxy section */

/* Begin PBXFileReference section */
		E1280D012AB5F6C6005BE456 /* WeatherWeekView.swift */ = {isa = PBXFileReference; lastKnownFileType = sourcecode.swift; path = WeatherWeekView.swift; sourceTree = "<group>"; };
		E1280D042AB60536005BE456 /* WeatherInfoDaily.swift */ = {isa = PBXFileReference; lastKnownFileType = sourcecode.swift; path = WeatherInfoDaily.swift; sourceTree = "<group>"; };
		E1BB6BE12AB4DD1900C88DF2 /* SwiftUI-Weather.app */ = {isa = PBXFileReference; explicitFileType = wrapper.application; includeInIndex = 0; path = "SwiftUI-Weather.app"; sourceTree = BUILT_PRODUCTS_DIR; };
		E1BB6BE42AB4DD1900C88DF2 /* SwiftUI_WeatherApp.swift */ = {isa = PBXFileReference; lastKnownFileType = sourcecode.swift; path = SwiftUI_WeatherApp.swift; sourceTree = "<group>"; };
		E1BB6BE62AB4DD1900C88DF2 /* ContentView.swift */ = {isa = PBXFileReference; lastKnownFileType = sourcecode.swift; path = ContentView.swift; sourceTree = "<group>"; };
		E1BB6BE82AB4DD1A00C88DF2 /* Assets.xcassets */ = {isa = PBXFileReference; lastKnownFileType = folder.assetcatalog; path = Assets.xcassets; sourceTree = "<group>"; };
		E1BB6BEB2AB4DD1A00C88DF2 /* Preview Assets.xcassets */ = {isa = PBXFileReference; lastKnownFileType = folder.assetcatalog; path = "Preview Assets.xcassets"; sourceTree = "<group>"; };
		E1BB6BF12AB4DD1A00C88DF2 /* SwiftUI-WeatherTests.xctest */ = {isa = PBXFileReference; explicitFileType = wrapper.cfbundle; includeInIndex = 0; path = "SwiftUI-WeatherTests.xctest"; sourceTree = BUILT_PRODUCTS_DIR; };
		E1BB6BF52AB4DD1A00C88DF2 /* SwiftUI_WeatherTests.swift */ = {isa = PBXFileReference; lastKnownFileType = sourcecode.swift; path = SwiftUI_WeatherTests.swift; sourceTree = "<group>"; };
		E1BB6BFB2AB4DD1B00C88DF2 /* SwiftUI-WeatherUITests.xctest */ = {isa = PBXFileReference; explicitFileType = wrapper.cfbundle; includeInIndex = 0; path = "SwiftUI-WeatherUITests.xctest"; sourceTree = BUILT_PRODUCTS_DIR; };
		E1BB6BFF2AB4DD1B00C88DF2 /* SwiftUI_WeatherUITests.swift */ = {isa = PBXFileReference; lastKnownFileType = sourcecode.swift; path = SwiftUI_WeatherUITests.swift; sourceTree = "<group>"; };
		E1BB6C012AB4DD1B00C88DF2 /* SwiftUI_WeatherUITestsLaunchTests.swift */ = {isa = PBXFileReference; lastKnownFileType = sourcecode.swift; path = SwiftUI_WeatherUITestsLaunchTests.swift; sourceTree = "<group>"; };
		E1BB6C0E2AB5285700C88DF2 /* WeatherButton.swift */ = {isa = PBXFileReference; lastKnownFileType = sourcecode.swift; path = WeatherButton.swift; sourceTree = "<group>"; };
/* End PBXFileReference section */

/* Begin PBXFrameworksBuildPhase section */
		E1BB6BDE2AB4DD1900C88DF2 /* Frameworks */ = {
			isa = PBXFrameworksBuildPhase;
			buildActionMask = 2147483647;
			files = (
			);
			runOnlyForDeploymentPostprocessing = 0;
		};
		E1BB6BEE2AB4DD1A00C88DF2 /* Frameworks */ = {
			isa = PBXFrameworksBuildPhase;
			buildActionMask = 2147483647;
			files = (
			);
			runOnlyForDeploymentPostprocessing = 0;
		};
		E1BB6BF82AB4DD1B00C88DF2 /* Frameworks */ = {
			isa = PBXFrameworksBuildPhase;
			buildActionMask = 2147483647;
			files = (
			);
			runOnlyForDeploymentPostprocessing = 0;
		};
/* End PBXFrameworksBuildPhase section */

/* Begin PBXGroup section */
		E1280CFE2AB5F616005BE456 /* Views */ = {
			isa = PBXGroup;
			children = (
				E1280D012AB5F6C6005BE456 /* WeatherWeekView.swift */,
			);
			path = Views;
			sourceTree = "<group>";
		};
		E1280D032AB60514005BE456 /* Model */ = {
			isa = PBXGroup;
			children = (
				E1280D042AB60536005BE456 /* WeatherInfoDaily.swift */,
			);
			path = Model;
			sourceTree = "<group>";
		};
		E1BB6BD82AB4DD1900C88DF2 = {
			isa = PBXGroup;
			children = (
				E1BB6BE32AB4DD1900C88DF2 /* SwiftUI-Weather */,
				E1BB6BF42AB4DD1A00C88DF2 /* SwiftUI-WeatherTests */,
				E1BB6BFE2AB4DD1B00C88DF2 /* SwiftUI-WeatherUITests */,
				E1BB6BE22AB4DD1900C88DF2 /* Products */,
			);
			sourceTree = "<group>";
		};
		E1BB6BE22AB4DD1900C88DF2 /* Products */ = {
			isa = PBXGroup;
			children = (
				E1BB6BE12AB4DD1900C88DF2 /* SwiftUI-Weather.app */,
				E1BB6BF12AB4DD1A00C88DF2 /* SwiftUI-WeatherTests.xctest */,
				E1BB6BFB2AB4DD1B00C88DF2 /* SwiftUI-WeatherUITests.xctest */,
			);
			name = Products;
			sourceTree = "<group>";
		};
		E1BB6BE32AB4DD1900C88DF2 /* SwiftUI-Weather */ = {
			isa = PBXGroup;
			children = (
				E1280D032AB60514005BE456 /* Model */,
				E1280CFE2AB5F616005BE456 /* Views */,
				E1BB6BE42AB4DD1900C88DF2 /* SwiftUI_WeatherApp.swift */,
				E1BB6BE62AB4DD1900C88DF2 /* ContentView.swift */,
				E1BB6BE82AB4DD1A00C88DF2 /* Assets.xcassets */,
				E1BB6BEA2AB4DD1A00C88DF2 /* Preview Content */,
				E1BB6C0E2AB5285700C88DF2 /* WeatherButton.swift */,
			);
			path = "SwiftUI-Weather";
			sourceTree = "<group>";
		};
		E1BB6BEA2AB4DD1A00C88DF2 /* Preview Content */ = {
			isa = PBXGroup;
			children = (
				E1BB6BEB2AB4DD1A00C88DF2 /* Preview Assets.xcassets */,
			);
			path = "Preview Content";
			sourceTree = "<group>";
		};
		E1BB6BF42AB4DD1A00C88DF2 /* SwiftUI-WeatherTests */ = {
			isa = PBXGroup;
			children = (
				E1BB6BF52AB4DD1A00C88DF2 /* SwiftUI_WeatherTests.swift */,
			);
			path = "SwiftUI-WeatherTests";
			sourceTree = "<group>";
		};
		E1BB6BFE2AB4DD1B00C88DF2 /* SwiftUI-WeatherUITests */ = {
			isa = PBXGroup;
			children = (
				E1BB6BFF2AB4DD1B00C88DF2 /* SwiftUI_WeatherUITests.swift */,
				E1BB6C012AB4DD1B00C88DF2 /* SwiftUI_WeatherUITestsLaunchTests.swift */,
			);
			path = "SwiftUI-WeatherUITests";
			sourceTree = "<group>";
		};
/* End PBXGroup section */

/* Begin PBXNativeTarget section */
		E1BB6BE02AB4DD1900C88DF2 /* SwiftUI-Weather */ = {
			isa = PBXNativeTarget;
			buildConfigurationList = E1BB6C052AB4DD1B00C88DF2 /* Build configuration list for PBXNativeTarget "SwiftUI-Weather" */;
			buildPhases = (
				E1BB6BDD2AB4DD1900C88DF2 /* Sources */,
				E1BB6BDE2AB4DD1900C88DF2 /* Frameworks */,
				E1BB6BDF2AB4DD1900C88DF2 /* Resources */,
			);
			buildRules = (
			);
			dependencies = (
			);
			name = "SwiftUI-Weather";
			productName = "SwiftUI-Weather";
			productReference = E1BB6BE12AB4DD1900C88DF2 /* SwiftUI-Weather.app */;
			productType = "com.apple.product-type.application";
		};
		E1BB6BF02AB4DD1A00C88DF2 /* SwiftUI-WeatherTests */ = {
			isa = PBXNativeTarget;
			buildConfigurationList = E1BB6C082AB4DD1B00C88DF2 /* Build configuration list for PBXNativeTarget "SwiftUI-WeatherTests" */;
			buildPhases = (
				E1BB6BED2AB4DD1A00C88DF2 /* Sources */,
				E1BB6BEE2AB4DD1A00C88DF2 /* Frameworks */,
				E1BB6BEF2AB4DD1A00C88DF2 /* Resources */,
			);
			buildRules = (
			);
			dependencies = (
				E1BB6BF32AB4DD1A00C88DF2 /* PBXTargetDependency */,
			);
			name = "SwiftUI-WeatherTests";
			productName = "SwiftUI-WeatherTests";
			productReference = E1BB6BF12AB4DD1A00C88DF2 /* SwiftUI-WeatherTests.xctest */;
			productType = "com.apple.product-type.bundle.unit-test";
		};
		E1BB6BFA2AB4DD1B00C88DF2 /* SwiftUI-WeatherUITests */ = {
			isa = PBXNativeTarget;
			buildConfigurationList = E1BB6C0B2AB4DD1B00C88DF2 /* Build configuration list for PBXNativeTarget "SwiftUI-WeatherUITests" */;
			buildPhases = (
				E1BB6BF72AB4DD1B00C88DF2 /* Sources */,
				E1BB6BF82AB4DD1B00C88DF2 /* Frameworks */,
				E1BB6BF92AB4DD1B00C88DF2 /* Resources */,
			);
			buildRules = (
			);
			dependencies = (
				E1BB6BFD2AB4DD1B00C88DF2 /* PBXTargetDependency */,
			);
			name = "SwiftUI-WeatherUITests";
			productName = "SwiftUI-WeatherUITests";
			productReference = E1BB6BFB2AB4DD1B00C88DF2 /* SwiftUI-WeatherUITests.xctest */;
			productType = "com.apple.product-type.bundle.ui-testing";
		};
/* End PBXNativeTarget section */

/* Begin PBXProject section */
		E1BB6BD92AB4DD1900C88DF2 /* Project object */ = {
			isa = PBXProject;
			attributes = {
				BuildIndependentTargetsInParallel = 1;
				LastSwiftUpdateCheck = 1430;
				LastUpgradeCheck = 1430;
				TargetAttributes = {
					E1BB6BE02AB4DD1900C88DF2 = {
						CreatedOnToolsVersion = 14.3.1;
					};
					E1BB6BF02AB4DD1A00C88DF2 = {
						CreatedOnToolsVersion = 14.3.1;
						TestTargetID = E1BB6BE02AB4DD1900C88DF2;
					};
					E1BB6BFA2AB4DD1B00C88DF2 = {
						CreatedOnToolsVersion = 14.3.1;
						TestTargetID = E1BB6BE02AB4DD1900C88DF2;
					};
				};
			};
			buildConfigurationList = E1BB6BDC2AB4DD1900C88DF2 /* Build configuration list for PBXProject "SwiftUI-Weather" */;
			compatibilityVersion = "Xcode 14.0";
			developmentRegion = en;
			hasScannedForEncodings = 0;
			knownRegions = (
				en,
				Base,
			);
			mainGroup = E1BB6BD82AB4DD1900C88DF2;
			productRefGroup = E1BB6BE22AB4DD1900C88DF2 /* Products */;
			projectDirPath = "";
			projectRoot = "";
			targets = (
				E1BB6BE02AB4DD1900C88DF2 /* SwiftUI-Weather */,
				E1BB6BF02AB4DD1A00C88DF2 /* SwiftUI-WeatherTests */,
				E1BB6BFA2AB4DD1B00C88DF2 /* SwiftUI-WeatherUITests */,
			);
		};
/* End PBXProject section */

/* Begin PBXResourcesBuildPhase section */
		E1BB6BDF2AB4DD1900C88DF2 /* Resources */ = {
			isa = PBXResourcesBuildPhase;
			buildActionMask = 2147483647;
			files = (
				E1BB6BEC2AB4DD1A00C88DF2 /* Preview Assets.xcassets in Resources */,
				E1BB6BE92AB4DD1A00C88DF2 /* Assets.xcassets in Resources */,
			);
			runOnlyForDeploymentPostprocessing = 0;
		};
		E1BB6BEF2AB4DD1A00C88DF2 /* Resources */ = {
			isa = PBXResourcesBuildPhase;
			buildActionMask = 2147483647;
			files = (
			);
			runOnlyForDeploymentPostprocessing = 0;
		};
		E1BB6BF92AB4DD1B00C88DF2 /* Resources */ = {
			isa = PBXResourcesBuildPhase;
			buildActionMask = 2147483647;
			files = (
			);
			runOnlyForDeploymentPostprocessing = 0;
		};
/* End PBXResourcesBuildPhase section */

/* Begin PBXSourcesBuildPhase section */
		E1BB6BDD2AB4DD1900C88DF2 /* Sources */ = {
			isa = PBXSourcesBuildPhase;
			buildActionMask = 2147483647;
			files = (
				E1280D052AB60536005BE456 /* WeatherInfoDaily.swift in Sources */,
				E1BB6BE72AB4DD1900C88DF2 /* ContentView.swift in Sources */,
				E1BB6BE52AB4DD1900C88DF2 /* SwiftUI_WeatherApp.swift in Sources */,
				E1BB6C0F2AB5285700C88DF2 /* WeatherButton.swift in Sources */,
				E1280D022AB5F6C6005BE456 /* WeatherWeekView.swift in Sources */,
			);
			runOnlyForDeploymentPostprocessing = 0;
		};
		E1BB6BED2AB4DD1A00C88DF2 /* Sources */ = {
			isa = PBXSourcesBuildPhase;
			buildActionMask = 2147483647;
			files = (
				E1BB6BF62AB4DD1A00C88DF2 /* SwiftUI_WeatherTests.swift in Sources */,
			);
			runOnlyForDeploymentPostprocessing = 0;
		};
		E1BB6BF72AB4DD1B00C88DF2 /* Sources */ = {
			isa = PBXSourcesBuildPhase;
			buildActionMask = 2147483647;
			files = (
				E1BB6C002AB4DD1B00C88DF2 /* SwiftUI_WeatherUITests.swift in Sources */,
				E1BB6C022AB4DD1B00C88DF2 /* SwiftUI_WeatherUITestsLaunchTests.swift in Sources */,
			);
			runOnlyForDeploymentPostprocessing = 0;
		};
/* End PBXSourcesBuildPhase section */

/* Begin PBXTargetDependency section */
		E1BB6BF32AB4DD1A00C88DF2 /* PBXTargetDependency */ = {
			isa = PBXTargetDependency;
			target = E1BB6BE02AB4DD1900C88DF2 /* SwiftUI-Weather */;
			targetProxy = E1BB6BF22AB4DD1A00C88DF2 /* PBXContainerItemProxy */;
		};
		E1BB6BFD2AB4DD1B00C88DF2 /* PBXTargetDependency */ = {
			isa = PBXTargetDependency;
			target = E1BB6BE02AB4DD1900C88DF2 /* SwiftUI-Weather */;
			targetProxy = E1BB6BFC2AB4DD1B00C88DF2 /* PBXContainerItemProxy */;
		};
/* End PBXTargetDependency section */

/* Begin XCBuildConfiguration section */
		E1BB6C032AB4DD1B00C88DF2 /* Debug */ = {
			isa = XCBuildConfiguration;
			buildSettings = {
				ALWAYS_SEARCH_USER_PATHS = NO;
				CLANG_ANALYZER_NONNULL = YES;
				CLANG_ANALYZER_NUMBER_OBJECT_CONVERSION = YES_AGGRESSIVE;
				CLANG_CXX_LANGUAGE_STANDARD = "gnu++20";
				CLANG_ENABLE_MODULES = YES;
				CLANG_ENABLE_OBJC_ARC = YES;
				CLANG_ENABLE_OBJC_WEAK = YES;
				CLANG_WARN_BLOCK_CAPTURE_AUTORELEASING = YES;
				CLANG_WARN_BOOL_CONVERSION = YES;
				CLANG_WARN_COMMA = YES;
				CLANG_WARN_CONSTANT_CONVERSION = YES;
				CLANG_WARN_DEPRECATED_OBJC_IMPLEMENTATIONS = YES;
				CLANG_WARN_DIRECT_OBJC_ISA_USAGE = YES_ERROR;
				CLANG_WARN_DOCUMENTATION_COMMENTS = YES;
				CLANG_WARN_EMPTY_BODY = YES;
				CLANG_WARN_ENUM_CONVERSION = YES;
				CLANG_WARN_INFINITE_RECURSION = YES;
				CLANG_WARN_INT_CONVERSION = YES;
				CLANG_WARN_NON_LITERAL_NULL_CONVERSION = YES;
				CLANG_WARN_OBJC_IMPLICIT_RETAIN_SELF = YES;
				CLANG_WARN_OBJC_LITERAL_CONVERSION = YES;
				CLANG_WARN_OBJC_ROOT_CLASS = YES_ERROR;
				CLANG_WARN_QUOTED_INCLUDE_IN_FRAMEWORK_HEADER = YES;
				CLANG_WARN_RANGE_LOOP_ANALYSIS = YES;
				CLANG_WARN_STRICT_PROTOTYPES = YES;
				CLANG_WARN_SUSPICIOUS_MOVE = YES;
				CLANG_WARN_UNGUARDED_AVAILABILITY = YES_AGGRESSIVE;
				CLANG_WARN_UNREACHABLE_CODE = YES;
				CLANG_WARN__DUPLICATE_METHOD_MATCH = YES;
				COPY_PHASE_STRIP = NO;
				DEBUG_INFORMATION_FORMAT = dwarf;
				ENABLE_STRICT_OBJC_MSGSEND = YES;
				ENABLE_TESTABILITY = YES;
				GCC_C_LANGUAGE_STANDARD = gnu11;
				GCC_DYNAMIC_NO_PIC = NO;
				GCC_NO_COMMON_BLOCKS = YES;
				GCC_OPTIMIZATION_LEVEL = 0;
				GCC_PREPROCESSOR_DEFINITIONS = (
					"DEBUG=1",
					"$(inherited)",
				);
				GCC_WARN_64_TO_32_BIT_CONVERSION = YES;
				GCC_WARN_ABOUT_RETURN_TYPE = YES_ERROR;
				GCC_WARN_UNDECLARED_SELECTOR = YES;
				GCC_WARN_UNINITIALIZED_AUTOS = YES_AGGRESSIVE;
				GCC_WARN_UNUSED_FUNCTION = YES;
				GCC_WARN_UNUSED_VARIABLE = YES;
				IPHONEOS_DEPLOYMENT_TARGET = 16.4;
				MTL_ENABLE_DEBUG_INFO = INCLUDE_SOURCE;
				MTL_FAST_MATH = YES;
				ONLY_ACTIVE_ARCH = YES;
				SDKROOT = iphoneos;
				SWIFT_ACTIVE_COMPILATION_CONDITIONS = DEBUG;
				SWIFT_OPTIMIZATION_LEVEL = "-Onone";
			};
			name = Debug;
		};
		E1BB6C042AB4DD1B00C88DF2 /* Release */ = {
			isa = XCBuildConfiguration;
			buildSettings = {
				ALWAYS_SEARCH_USER_PATHS = NO;
				CLANG_ANALYZER_NONNULL = YES;
				CLANG_ANALYZER_NUMBER_OBJECT_CONVERSION = YES_AGGRESSIVE;
				CLANG_CXX_LANGUAGE_STANDARD = "gnu++20";
				CLANG_ENABLE_MODULES = YES;
				CLANG_ENABLE_OBJC_ARC = YES;
				CLANG_ENABLE_OBJC_WEAK = YES;
				CLANG_WARN_BLOCK_CAPTURE_AUTORELEASING = YES;
				CLANG_WARN_BOOL_CONVERSION = YES;
				CLANG_WARN_COMMA = YES;
				CLANG_WARN_CONSTANT_CONVERSION = YES;
				CLANG_WARN_DEPRECATED_OBJC_IMPLEMENTATIONS = YES;
				CLANG_WARN_DIRECT_OBJC_ISA_USAGE = YES_ERROR;
				CLANG_WARN_DOCUMENTATION_COMMENTS = YES;
				CLANG_WARN_EMPTY_BODY = YES;
				CLANG_WARN_ENUM_CONVERSION = YES;
				CLANG_WARN_INFINITE_RECURSION = YES;
				CLANG_WARN_INT_CONVERSION = YES;
				CLANG_WARN_NON_LITERAL_NULL_CONVERSION = YES;
				CLANG_WARN_OBJC_IMPLICIT_RETAIN_SELF = YES;
				CLANG_WARN_OBJC_LITERAL_CONVERSION = YES;
				CLANG_WARN_OBJC_ROOT_CLASS = YES_ERROR;
				CLANG_WARN_QUOTED_INCLUDE_IN_FRAMEWORK_HEADER = YES;
				CLANG_WARN_RANGE_LOOP_ANALYSIS = YES;
				CLANG_WARN_STRICT_PROTOTYPES = YES;
				CLANG_WARN_SUSPICIOUS_MOVE = YES;
				CLANG_WARN_UNGUARDED_AVAILABILITY = YES_AGGRESSIVE;
				CLANG_WARN_UNREACHABLE_CODE = YES;
				CLANG_WARN__DUPLICATE_METHOD_MATCH = YES;
				COPY_PHASE_STRIP = NO;
				DEBUG_INFORMATION_FORMAT = "dwarf-with-dsym";
				ENABLE_NS_ASSERTIONS = NO;
				ENABLE_STRICT_OBJC_MSGSEND = YES;
				GCC_C_LANGUAGE_STANDARD = gnu11;
				GCC_NO_COMMON_BLOCKS = YES;
				GCC_WARN_64_TO_32_BIT_CONVERSION = YES;
				GCC_WARN_ABOUT_RETURN_TYPE = YES_ERROR;
				GCC_WARN_UNDECLARED_SELECTOR = YES;
				GCC_WARN_UNINITIALIZED_AUTOS = YES_AGGRESSIVE;
				GCC_WARN_UNUSED_FUNCTION = YES;
				GCC_WARN_UNUSED_VARIABLE = YES;
				IPHONEOS_DEPLOYMENT_TARGET = 16.4;
				MTL_ENABLE_DEBUG_INFO = NO;
				MTL_FAST_MATH = YES;
				SDKROOT = iphoneos;
				SWIFT_COMPILATION_MODE = wholemodule;
				SWIFT_OPTIMIZATION_LEVEL = "-O";
				VALIDATE_PRODUCT = YES;
			};
			name = Release;
		};
		E1BB6C062AB4DD1B00C88DF2 /* Debug */ = {
			isa = XCBuildConfiguration;
			buildSettings = {
				ASSETCATALOG_COMPILER_APPICON_NAME = AppIcon;
				ASSETCATALOG_COMPILER_GLOBAL_ACCENT_COLOR_NAME = AccentColor;
				CODE_SIGN_STYLE = Automatic;
				CURRENT_PROJECT_VERSION = 1;
				DEVELOPMENT_ASSET_PATHS = "\"SwiftUI-Weather/Preview Content\"";
				ENABLE_PREVIEWS = YES;
				GENERATE_INFOPLIST_FILE = YES;
				INFOPLIST_KEY_UIApplicationSceneManifest_Generation = YES;
				INFOPLIST_KEY_UIApplicationSupportsIndirectInputEvents = YES;
				INFOPLIST_KEY_UILaunchScreen_Generation = YES;
				INFOPLIST_KEY_UISupportedInterfaceOrientations_iPad = "UIInterfaceOrientationPortrait UIInterfaceOrientationPortraitUpsideDown UIInterfaceOrientationLandscapeLeft UIInterfaceOrientationLandscapeRight";
				INFOPLIST_KEY_UISupportedInterfaceOrientations_iPhone = "UIInterfaceOrientationPortrait UIInterfaceOrientationLandscapeLeft UIInterfaceOrientationLandscapeRight";
				IPHONEOS_DEPLOYMENT_TARGET = 16.4;
				LD_RUNPATH_SEARCH_PATHS = (
					"$(inherited)",
					"@executable_path/Frameworks",
				);
				MARKETING_VERSION = 1.0;
				PRODUCT_BUNDLE_IDENTIFIER = "ttubas.SwiftUI-Weather";
				PRODUCT_NAME = "$(TARGET_NAME)";
				SWIFT_EMIT_LOC_STRINGS = YES;
				SWIFT_VERSION = 5.0;
				TARGETED_DEVICE_FAMILY = "1,2";
			};
			name = Debug;
		};
		E1BB6C072AB4DD1B00C88DF2 /* Release */ = {
			isa = XCBuildConfiguration;
			buildSettings = {
				ASSETCATALOG_COMPILER_APPICON_NAME = AppIcon;
				ASSETCATALOG_COMPILER_GLOBAL_ACCENT_COLOR_NAME = AccentColor;
				CODE_SIGN_STYLE = Automatic;
				CURRENT_PROJECT_VERSION = 1;
				DEVELOPMENT_ASSET_PATHS = "\"SwiftUI-Weather/Preview Content\"";
				ENABLE_PREVIEWS = YES;
				GENERATE_INFOPLIST_FILE = YES;
				INFOPLIST_KEY_UIApplicationSceneManifest_Generation = YES;
				INFOPLIST_KEY_UIApplicationSupportsIndirectInputEvents = YES;
				INFOPLIST_KEY_UILaunchScreen_Generation = YES;
				INFOPLIST_KEY_UISupportedInterfaceOrientations_iPad = "UIInterfaceOrientationPortrait UIInterfaceOrientationPortraitUpsideDown UIInterfaceOrientationLandscapeLeft UIInterfaceOrientationLandscapeRight";
				INFOPLIST_KEY_UISupportedInterfaceOrientations_iPhone = "UIInterfaceOrientationPortrait UIInterfaceOrientationLandscapeLeft UIInterfaceOrientationLandscapeRight";
				IPHONEOS_DEPLOYMENT_TARGET = 16.4;
				LD_RUNPATH_SEARCH_PATHS = (
					"$(inherited)",
					"@executable_path/Frameworks",
				);
				MARKETING_VERSION = 1.0;
				PRODUCT_BUNDLE_IDENTIFIER = "ttubas.SwiftUI-Weather";
				PRODUCT_NAME = "$(TARGET_NAME)";
				SWIFT_EMIT_LOC_STRINGS = YES;
				SWIFT_VERSION = 5.0;
				TARGETED_DEVICE_FAMILY = "1,2";
			};
			name = Release;
		};
		E1BB6C092AB4DD1B00C88DF2 /* Debug */ = {
			isa = XCBuildConfiguration;
			buildSettings = {
				ALWAYS_EMBED_SWIFT_STANDARD_LIBRARIES = YES;
				BUNDLE_LOADER = "$(TEST_HOST)";
				CODE_SIGN_STYLE = Automatic;
				CURRENT_PROJECT_VERSION = 1;
				GENERATE_INFOPLIST_FILE = YES;
				IPHONEOS_DEPLOYMENT_TARGET = 16.4;
				MARKETING_VERSION = 1.0;
				PRODUCT_BUNDLE_IDENTIFIER = "ttubas.SwiftUI-WeatherTests";
				PRODUCT_NAME = "$(TARGET_NAME)";
				SWIFT_EMIT_LOC_STRINGS = NO;
				SWIFT_VERSION = 5.0;
				TARGETED_DEVICE_FAMILY = "1,2";
				TEST_HOST = "$(BUILT_PRODUCTS_DIR)/SwiftUI-Weather.app/$(BUNDLE_EXECUTABLE_FOLDER_PATH)/SwiftUI-Weather";
			};
			name = Debug;
		};
		E1BB6C0A2AB4DD1B00C88DF2 /* Release */ = {
			isa = XCBuildConfiguration;
			buildSettings = {
				ALWAYS_EMBED_SWIFT_STANDARD_LIBRARIES = YES;
				BUNDLE_LOADER = "$(TEST_HOST)";
				CODE_SIGN_STYLE = Automatic;
				CURRENT_PROJECT_VERSION = 1;
				GENERATE_INFOPLIST_FILE = YES;
				IPHONEOS_DEPLOYMENT_TARGET = 16.4;
				MARKETING_VERSION = 1.0;
				PRODUCT_BUNDLE_IDENTIFIER = "ttubas.SwiftUI-WeatherTests";
				PRODUCT_NAME = "$(TARGET_NAME)";
				SWIFT_EMIT_LOC_STRINGS = NO;
				SWIFT_VERSION = 5.0;
				TARGETED_DEVICE_FAMILY = "1,2";
				TEST_HOST = "$(BUILT_PRODUCTS_DIR)/SwiftUI-Weather.app/$(BUNDLE_EXECUTABLE_FOLDER_PATH)/SwiftUI-Weather";
			};
			name = Release;
		};
		E1BB6C0C2AB4DD1B00C88DF2 /* Debug */ = {
			isa = XCBuildConfiguration;
			buildSettings = {
				ALWAYS_EMBED_SWIFT_STANDARD_LIBRARIES = YES;
				CODE_SIGN_STYLE = Automatic;
				CURRENT_PROJECT_VERSION = 1;
				GENERATE_INFOPLIST_FILE = YES;
				MARKETING_VERSION = 1.0;
				PRODUCT_BUNDLE_IDENTIFIER = "ttubas.SwiftUI-WeatherUITests";
				PRODUCT_NAME = "$(TARGET_NAME)";
				SWIFT_EMIT_LOC_STRINGS = NO;
				SWIFT_VERSION = 5.0;
				TARGETED_DEVICE_FAMILY = "1,2";
				TEST_TARGET_NAME = "SwiftUI-Weather";
			};
			name = Debug;
		};
		E1BB6C0D2AB4DD1B00C88DF2 /* Release */ = {
			isa = XCBuildConfiguration;
			buildSettings = {
				ALWAYS_EMBED_SWIFT_STANDARD_LIBRARIES = YES;
				CODE_SIGN_STYLE = Automatic;
				CURRENT_PROJECT_VERSION = 1;
				GENERATE_INFOPLIST_FILE = YES;
				MARKETING_VERSION = 1.0;
				PRODUCT_BUNDLE_IDENTIFIER = "ttubas.SwiftUI-WeatherUITests";
				PRODUCT_NAME = "$(TARGET_NAME)";
				SWIFT_EMIT_LOC_STRINGS = NO;
				SWIFT_VERSION = 5.0;
				TARGETED_DEVICE_FAMILY = "1,2";
				TEST_TARGET_NAME = "SwiftUI-Weather";
			};
			name = Release;
		};
/* End XCBuildConfiguration section */

/* Begin XCConfigurationList section */
		E1BB6BDC2AB4DD1900C88DF2 /* Build configuration list for PBXProject "SwiftUI-Weather" */ = {
			isa = XCConfigurationList;
			buildConfigurations = (
				E1BB6C032AB4DD1B00C88DF2 /* Debug */,
				E1BB6C042AB4DD1B00C88DF2 /* Release */,
			);
			defaultConfigurationIsVisible = 0;
			defaultConfigurationName = Release;
		};
		E1BB6C052AB4DD1B00C88DF2 /* Build configuration list for PBXNativeTarget "SwiftUI-Weather" */ = {
			isa = XCConfigurationList;
			buildConfigurations = (
				E1BB6C062AB4DD1B00C88DF2 /* Debug */,
				E1BB6C072AB4DD1B00C88DF2 /* Release */,
			);
			defaultConfigurationIsVisible = 0;
			defaultConfigurationName = Release;
		};
		E1BB6C082AB4DD1B00C88DF2 /* Build configuration list for PBXNativeTarget "SwiftUI-WeatherTests" */ = {
			isa = XCConfigurationList;
			buildConfigurations = (
				E1BB6C092AB4DD1B00C88DF2 /* Debug */,
				E1BB6C0A2AB4DD1B00C88DF2 /* Release */,
			);
			defaultConfigurationIsVisible = 0;
			defaultConfigurationName = Release;
		};
		E1BB6C0B2AB4DD1B00C88DF2 /* Build configuration list for PBXNativeTarget "SwiftUI-WeatherUITests" */ = {
			isa = XCConfigurationList;
			buildConfigurations = (
				E1BB6C0C2AB4DD1B00C88DF2 /* Debug */,
				E1BB6C0D2AB4DD1B00C88DF2 /* Release */,
			);
			defaultConfigurationIsVisible = 0;
			defaultConfigurationName = Release;
		};
/* End XCConfigurationList section */
	};
	rootObject = E1BB6BD92AB4DD1900C88DF2 /* Project object */;
}
